// !$*UTF8*$!
{
	archiveVersion = 1;
	classes = {
	};
	objectVersion = 55;
	objects = {

/* Begin PBXBuildFile section */
		EA98398F28C0F49C00ACD5C8 /* AppDelegate.swift in Sources */ = {isa = PBXBuildFile; fileRef = EA98398E28C0F49C00ACD5C8 /* AppDelegate.swift */; };
		EA98399128C0F49C00ACD5C8 /* SceneDelegate.swift in Sources */ = {isa = PBXBuildFile; fileRef = EA98399028C0F49C00ACD5C8 /* SceneDelegate.swift */; };
		EA98399328C0F49C00ACD5C8 /* ViewController.swift in Sources */ = {isa = PBXBuildFile; fileRef = EA98399228C0F49C00ACD5C8 /* ViewController.swift */; };
		EA98399628C0F49C00ACD5C8 /* Main.storyboard in Resources */ = {isa = PBXBuildFile; fileRef = EA98399428C0F49C00ACD5C8 /* Main.storyboard */; };
		EA98399828C0F49F00ACD5C8 /* Assets.xcassets in Resources */ = {isa = PBXBuildFile; fileRef = EA98399728C0F49F00ACD5C8 /* Assets.xcassets */; };
		EA98399B28C0F49F00ACD5C8 /* LaunchScreen.storyboard in Resources */ = {isa = PBXBuildFile; fileRef = EA98399928C0F49F00ACD5C8 /* LaunchScreen.storyboard */; };
		EA9839A628C0F4A000ACD5C8 /* CommonInputControlsTests.swift in Sources */ = {isa = PBXBuildFile; fileRef = EA9839A528C0F4A000ACD5C8 /* CommonInputControlsTests.swift */; };
		EA9839B028C0F4A000ACD5C8 /* CommonInputControlsUITests.swift in Sources */ = {isa = PBXBuildFile; fileRef = EA9839AF28C0F4A000ACD5C8 /* CommonInputControlsUITests.swift */; };
		EA9839B228C0F4A000ACD5C8 /* CommonInputControlsUITestsLaunchTests.swift in Sources */ = {isa = PBXBuildFile; fileRef = EA9839B128C0F4A000ACD5C8 /* CommonInputControlsUITestsLaunchTests.swift */; };
/* End PBXBuildFile section */

/* Begin PBXContainerItemProxy section */
		EA9839A228C0F4A000ACD5C8 /* PBXContainerItemProxy */ = {
			isa = PBXContainerItemProxy;
			containerPortal = EA98398328C0F49C00ACD5C8 /* Project object */;
			proxyType = 1;
			remoteGlobalIDString = EA98398A28C0F49C00ACD5C8;
			remoteInfo = CommonInputControls;
		};
		EA9839AC28C0F4A000ACD5C8 /* PBXContainerItemProxy */ = {
			isa = PBXContainerItemProxy;
			containerPortal = EA98398328C0F49C00ACD5C8 /* Project object */;
			proxyType = 1;
			remoteGlobalIDString = EA98398A28C0F49C00ACD5C8;
			remoteInfo = CommonInputControls;
		};
/* End PBXContainerItemProxy section */

/* Begin PBXFileReference section */
		EA98398B28C0F49C00ACD5C8 /* CommonInputControls.app */ = {isa = PBXFileReference; explicitFileType = wrapper.application; includeInIndex = 0; path = CommonInputControls.app; sourceTree = BUILT_PRODUCTS_DIR; };
		EA98398E28C0F49C00ACD5C8 /* AppDelegate.swift */ = {isa = PBXFileReference; lastKnownFileType = sourcecode.swift; path = AppDelegate.swift; sourceTree = "<group>"; };
		EA98399028C0F49C00ACD5C8 /* SceneDelegate.swift */ = {isa = PBXFileReference; lastKnownFileType = sourcecode.swift; path = SceneDelegate.swift; sourceTree = "<group>"; };
		EA98399228C0F49C00ACD5C8 /* ViewController.swift */ = {isa = PBXFileReference; lastKnownFileType = sourcecode.swift; path = ViewController.swift; sourceTree = "<group>"; };
		EA98399528C0F49C00ACD5C8 /* Base */ = {isa = PBXFileReference; lastKnownFileType = file.storyboard; name = Base; path = Base.lproj/Main.storyboard; sourceTree = "<group>"; };
		EA98399728C0F49F00ACD5C8 /* Assets.xcassets */ = {isa = PBXFileReference; lastKnownFileType = folder.assetcatalog; path = Assets.xcassets; sourceTree = "<group>"; };
		EA98399A28C0F49F00ACD5C8 /* Base */ = {isa = PBXFileReference; lastKnownFileType = file.storyboard; name = Base; path = Base.lproj/LaunchScreen.storyboard; sourceTree = "<group>"; };
		EA98399C28C0F49F00ACD5C8 /* Info.plist */ = {isa = PBXFileReference; lastKnownFileType = text.plist.xml; path = Info.plist; sourceTree = "<group>"; };
		EA9839A128C0F4A000ACD5C8 /* CommonInputControlsTests.xctest */ = {isa = PBXFileReference; explicitFileType = wrapper.cfbundle; includeInIndex = 0; path = CommonInputControlsTests.xctest; sourceTree = BUILT_PRODUCTS_DIR; };
		EA9839A528C0F4A000ACD5C8 /* CommonInputControlsTests.swift */ = {isa = PBXFileReference; lastKnownFileType = sourcecode.swift; path = CommonInputControlsTests.swift; sourceTree = "<group>"; };
		EA9839AB28C0F4A000ACD5C8 /* CommonInputControlsUITests.xctest */ = {isa = PBXFileReference; explicitFileType = wrapper.cfbundle; includeInIndex = 0; path = CommonInputControlsUITests.xctest; sourceTree = BUILT_PRODUCTS_DIR; };
		EA9839AF28C0F4A000ACD5C8 /* CommonInputControlsUITests.swift */ = {isa = PBXFileReference; lastKnownFileType = sourcecode.swift; path = CommonInputControlsUITests.swift; sourceTree = "<group>"; };
		EA9839B128C0F4A000ACD5C8 /* CommonInputControlsUITestsLaunchTests.swift */ = {isa = PBXFileReference; lastKnownFileType = sourcecode.swift; path = CommonInputControlsUITestsLaunchTests.swift; sourceTree = "<group>"; };
/* End PBXFileReference section */

/* Begin PBXFrameworksBuildPhase section */
		EA98398828C0F49C00ACD5C8 /* Frameworks */ = {
			isa = PBXFrameworksBuildPhase;
			buildActionMask = 2147483647;
			files = (
			);
			runOnlyForDeploymentPostprocessing = 0;
		};
		EA98399E28C0F4A000ACD5C8 /* Frameworks */ = {
			isa = PBXFrameworksBuildPhase;
			buildActionMask = 2147483647;
			files = (
			);
			runOnlyForDeploymentPostprocessing = 0;
		};
		EA9839A828C0F4A000ACD5C8 /* Frameworks */ = {
			isa = PBXFrameworksBuildPhase;
			buildActionMask = 2147483647;
			files = (
			);
			runOnlyForDeploymentPostprocessing = 0;
		};
/* End PBXFrameworksBuildPhase section */

/* Begin PBXGroup section */
		EA98398228C0F49C00ACD5C8 = {
			isa = PBXGroup;
			children = (
				EA98398D28C0F49C00ACD5C8 /* CommonInputControls */,
				EA9839A428C0F4A000ACD5C8 /* CommonInputControlsTests */,
				EA9839AE28C0F4A000ACD5C8 /* CommonInputControlsUITests */,
				EA98398C28C0F49C00ACD5C8 /* Products */,
			);
			sourceTree = "<group>";
		};
		EA98398C28C0F49C00ACD5C8 /* Products */ = {
			isa = PBXGroup;
			children = (
				EA98398B28C0F49C00ACD5C8 /* CommonInputControls.app */,
				EA9839A128C0F4A000ACD5C8 /* CommonInputControlsTests.xctest */,
				EA9839AB28C0F4A000ACD5C8 /* CommonInputControlsUITests.xctest */,
			);
			name = Products;
			sourceTree = "<group>";
		};
		EA98398D28C0F49C00ACD5C8 /* CommonInputControls */ = {
			isa = PBXGroup;
			children = (
				EA98398E28C0F49C00ACD5C8 /* AppDelegate.swift */,
				EA98399028C0F49C00ACD5C8 /* SceneDelegate.swift */,
				EA98399228C0F49C00ACD5C8 /* ViewController.swift */,
				EA98399428C0F49C00ACD5C8 /* Main.storyboard */,
				EA98399728C0F49F00ACD5C8 /* Assets.xcassets */,
				EA98399928C0F49F00ACD5C8 /* LaunchScreen.storyboard */,
				EA98399C28C0F49F00ACD5C8 /* Info.plist */,
			);
			path = CommonInputControls;
			sourceTree = "<group>";
		};
		EA9839A428C0F4A000ACD5C8 /* CommonInputControlsTests */ = {
			isa = PBXGroup;
			children = (
				EA9839A528C0F4A000ACD5C8 /* CommonInputControlsTests.swift */,
			);
			path = CommonInputControlsTests;
			sourceTree = "<group>";
		};
		EA9839AE28C0F4A000ACD5C8 /* CommonInputControlsUITests */ = {
			isa = PBXGroup;
			children = (
				EA9839AF28C0F4A000ACD5C8 /* CommonInputControlsUITests.swift */,
				EA9839B128C0F4A000ACD5C8 /* CommonInputControlsUITestsLaunchTests.swift */,
			);
			path = CommonInputControlsUITests;
			sourceTree = "<group>";
		};
/* End PBXGroup section */

/* Begin PBXNativeTarget section */
		EA98398A28C0F49C00ACD5C8 /* CommonInputControls */ = {
			isa = PBXNativeTarget;
			buildConfigurationList = EA9839B528C0F4A000ACD5C8 /* Build configuration list for PBXNativeTarget "CommonInputControls" */;
			buildPhases = (
				EA98398728C0F49C00ACD5C8 /* Sources */,
				EA98398828C0F49C00ACD5C8 /* Frameworks */,
				EA98398928C0F49C00ACD5C8 /* Resources */,
			);
			buildRules = (
			);
			dependencies = (
			);
			name = CommonInputControls;
			productName = CommonInputControls;
			productReference = EA98398B28C0F49C00ACD5C8 /* CommonInputControls.app */;
			productType = "com.apple.product-type.application";
		};
		EA9839A028C0F4A000ACD5C8 /* CommonInputControlsTests */ = {
			isa = PBXNativeTarget;
			buildConfigurationList = EA9839B828C0F4A000ACD5C8 /* Build configuration list for PBXNativeTarget "CommonInputControlsTests" */;
			buildPhases = (
				EA98399D28C0F4A000ACD5C8 /* Sources */,
				EA98399E28C0F4A000ACD5C8 /* Frameworks */,
				EA98399F28C0F4A000ACD5C8 /* Resources */,
			);
			buildRules = (
			);
			dependencies = (
				EA9839A328C0F4A000ACD5C8 /* PBXTargetDependency */,
			);
			name = CommonInputControlsTests;
			productName = CommonInputControlsTests;
			productReference = EA9839A128C0F4A000ACD5C8 /* CommonInputControlsTests.xctest */;
			productType = "com.apple.product-type.bundle.unit-test";
		};
		EA9839AA28C0F4A000ACD5C8 /* CommonInputControlsUITests */ = {
			isa = PBXNativeTarget;
			buildConfigurationList = EA9839BB28C0F4A000ACD5C8 /* Build configuration list for PBXNativeTarget "CommonInputControlsUITests" */;
			buildPhases = (
				EA9839A728C0F4A000ACD5C8 /* Sources */,
				EA9839A828C0F4A000ACD5C8 /* Frameworks */,
				EA9839A928C0F4A000ACD5C8 /* Resources */,
			);
			buildRules = (
			);
			dependencies = (
				EA9839AD28C0F4A000ACD5C8 /* PBXTargetDependency */,
			);
			name = CommonInputControlsUITests;
			productName = CommonInputControlsUITests;
			productReference = EA9839AB28C0F4A000ACD5C8 /* CommonInputControlsUITests.xctest */;
			productType = "com.apple.product-type.bundle.ui-testing";
		};
/* End PBXNativeTarget section */

/* Begin PBXProject section */
		EA98398328C0F49C00ACD5C8 /* Project object */ = {
			isa = PBXProject;
			attributes = {
				BuildIndependentTargetsInParallel = 1;
				LastSwiftUpdateCheck = 1340;
				LastUpgradeCheck = 1340;
				TargetAttributes = {
					EA98398A28C0F49C00ACD5C8 = {
						CreatedOnToolsVersion = 13.4.1;
					};
					EA9839A028C0F4A000ACD5C8 = {
						CreatedOnToolsVersion = 13.4.1;
						TestTargetID = EA98398A28C0F49C00ACD5C8;
					};
					EA9839AA28C0F4A000ACD5C8 = {
						CreatedOnToolsVersion = 13.4.1;
						TestTargetID = EA98398A28C0F49C00ACD5C8;
					};
				};
			};
			buildConfigurationList = EA98398628C0F49C00ACD5C8 /* Build configuration list for PBXProject "CommonInputControls" */;
			compatibilityVersion = "Xcode 13.0";
			developmentRegion = en;
			hasScannedForEncodings = 0;
			knownRegions = (
				en,
				Base,
			);
			mainGroup = EA98398228C0F49C00ACD5C8;
			productRefGroup = EA98398C28C0F49C00ACD5C8 /* Products */;
			projectDirPath = "";
			projectRoot = "";
			targets = (
				EA98398A28C0F49C00ACD5C8 /* CommonInputControls */,
				EA9839A028C0F4A000ACD5C8 /* CommonInputControlsTests */,
				EA9839AA28C0F4A000ACD5C8 /* CommonInputControlsUITests */,
			);
		};
/* End PBXProject section */

/* Begin PBXResourcesBuildPhase section */
		EA98398928C0F49C00ACD5C8 /* Resources */ = {
			isa = PBXResourcesBuildPhase;
			buildActionMask = 2147483647;
			files = (
				EA98399B28C0F49F00ACD5C8 /* LaunchScreen.storyboard in Resources */,
				EA98399828C0F49F00ACD5C8 /* Assets.xcassets in Resources */,
				EA98399628C0F49C00ACD5C8 /* Main.storyboard in Resources */,
			);
			runOnlyForDeploymentPostprocessing = 0;
		};
		EA98399F28C0F4A000ACD5C8 /* Resources */ = {
			isa = PBXResourcesBuildPhase;
			buildActionMask = 2147483647;
			files = (
			);
			runOnlyForDeploymentPostprocessing = 0;
		};
		EA9839A928C0F4A000ACD5C8 /* Resources */ = {
			isa = PBXResourcesBuildPhase;
			buildActionMask = 2147483647;
			files = (
			);
			runOnlyForDeploymentPostprocessing = 0;
		};
/* End PBXResourcesBuildPhase section */

/* Begin PBXSourcesBuildPhase section */
		EA98398728C0F49C00ACD5C8 /* Sources */ = {
			isa = PBXSourcesBuildPhase;
			buildActionMask = 2147483647;
			files = (
				EA98399328C0F49C00ACD5C8 /* ViewController.swift in Sources */,
				EA98398F28C0F49C00ACD5C8 /* AppDelegate.swift in Sources */,
				EA98399128C0F49C00ACD5C8 /* SceneDelegate.swift in Sources */,
			);
			runOnlyForDeploymentPostprocessing = 0;
		};
		EA98399D28C0F4A000ACD5C8 /* Sources */ = {
			isa = PBXSourcesBuildPhase;
			buildActionMask = 2147483647;
			files = (
				EA9839A628C0F4A000ACD5C8 /* CommonInputControlsTests.swift in Sources */,
			);
			runOnlyForDeploymentPostprocessing = 0;
		};
		EA9839A728C0F4A000ACD5C8 /* Sources */ = {
			isa = PBXSourcesBuildPhase;
			buildActionMask = 2147483647;
			files = (
				EA9839B228C0F4A000ACD5C8 /* CommonInputControlsUITestsLaunchTests.swift in Sources */,
				EA9839B028C0F4A000ACD5C8 /* CommonInputControlsUITests.swift in Sources */,
			);
			runOnlyForDeploymentPostprocessing = 0;
		};
/* End PBXSourcesBuildPhase section */

/* Begin PBXTargetDependency section */
		EA9839A328C0F4A000ACD5C8 /* PBXTargetDependency */ = {
			isa = PBXTargetDependency;
			target = EA98398A28C0F49C00ACD5C8 /* CommonInputControls */;
			targetProxy = EA9839A228C0F4A000ACD5C8 /* PBXContainerItemProxy */;
		};
		EA9839AD28C0F4A000ACD5C8 /* PBXTargetDependency */ = {
			isa = PBXTargetDependency;
			target = EA98398A28C0F49C00ACD5C8 /* CommonInputControls */;
			targetProxy = EA9839AC28C0F4A000ACD5C8 /* PBXContainerItemProxy */;
		};
/* End PBXTargetDependency section */

/* Begin PBXVariantGroup section */
		EA98399428C0F49C00ACD5C8 /* Main.storyboard */ = {
			isa = PBXVariantGroup;
			children = (
				EA98399528C0F49C00ACD5C8 /* Base */,
			);
			name = Main.storyboard;
			sourceTree = "<group>";
		};
		EA98399928C0F49F00ACD5C8 /* LaunchScreen.storyboard */ = {
			isa = PBXVariantGroup;
			children = (
				EA98399A28C0F49F00ACD5C8 /* Base */,
			);
			name = LaunchScreen.storyboard;
			sourceTree = "<group>";
		};
/* End PBXVariantGroup section */

/* Begin XCBuildConfiguration section */
		EA9839B328C0F4A000ACD5C8 /* Debug */ = {
			isa = XCBuildConfiguration;
			buildSettings = {
				ALWAYS_SEARCH_USER_PATHS = NO;
				CLANG_ANALYZER_NONNULL = YES;
				CLANG_ANALYZER_NUMBER_OBJECT_CONVERSION = YES_AGGRESSIVE;
				CLANG_CXX_LANGUAGE_STANDARD = "gnu++17";
				CLANG_ENABLE_MODULES = YES;
				CLANG_ENABLE_OBJC_ARC = YES;
				CLANG_ENABLE_OBJC_WEAK = YES;
				CLANG_WARN_BLOCK_CAPTURE_AUTORELEASING = YES;
				CLANG_WARN_BOOL_CONVERSION = YES;
				CLANG_WARN_COMMA = YES;
				CLANG_WARN_CONSTANT_CONVERSION = YES;
				CLANG_WARN_DEPRECATED_OBJC_IMPLEMENTATIONS = YES;
				CLANG_WARN_DIRECT_OBJC_ISA_USAGE = YES_ERROR;
				CLANG_WARN_DOCUMENTATION_COMMENTS = YES;
				CLANG_WARN_EMPTY_BODY = YES;
				CLANG_WARN_ENUM_CONVERSION = YES;
				CLANG_WARN_INFINITE_RECURSION = YES;
				CLANG_WARN_INT_CONVERSION = YES;
				CLANG_WARN_NON_LITERAL_NULL_CONVERSION = YES;
				CLANG_WARN_OBJC_IMPLICIT_RETAIN_SELF = YES;
				CLANG_WARN_OBJC_LITERAL_CONVERSION = YES;
				CLANG_WARN_OBJC_ROOT_CLASS = YES_ERROR;
				CLANG_WARN_QUOTED_INCLUDE_IN_FRAMEWORK_HEADER = YES;
				CLANG_WARN_RANGE_LOOP_ANALYSIS = YES;
				CLANG_WARN_STRICT_PROTOTYPES = YES;
				CLANG_WARN_SUSPICIOUS_MOVE = YES;
				CLANG_WARN_UNGUARDED_AVAILABILITY = YES_AGGRESSIVE;
				CLANG_WARN_UNREACHABLE_CODE = YES;
				CLANG_WARN__DUPLICATE_METHOD_MATCH = YES;
				COPY_PHASE_STRIP = NO;
				DEBUG_INFORMATION_FORMAT = dwarf;
				ENABLE_STRICT_OBJC_MSGSEND = YES;
				ENABLE_TESTABILITY = YES;
				GCC_C_LANGUAGE_STANDARD = gnu11;
				GCC_DYNAMIC_NO_PIC = NO;
				GCC_NO_COMMON_BLOCKS = YES;
				GCC_OPTIMIZATION_LEVEL = 0;
				GCC_PREPROCESSOR_DEFINITIONS = (
					"DEBUG=1",
					"$(inherited)",
				);
				GCC_WARN_64_TO_32_BIT_CONVERSION = YES;
				GCC_WARN_ABOUT_RETURN_TYPE = YES_ERROR;
				GCC_WARN_UNDECLARED_SELECTOR = YES;
				GCC_WARN_UNINITIALIZED_AUTOS = YES_AGGRESSIVE;
				GCC_WARN_UNUSED_FUNCTION = YES;
				GCC_WARN_UNUSED_VARIABLE = YES;
				IPHONEOS_DEPLOYMENT_TARGET = 15.5;
				MTL_ENABLE_DEBUG_INFO = INCLUDE_SOURCE;
				MTL_FAST_MATH = YES;
				ONLY_ACTIVE_ARCH = YES;
				SDKROOT = iphoneos;
				SWIFT_ACTIVE_COMPILATION_CONDITIONS = DEBUG;
				SWIFT_OPTIMIZATION_LEVEL = "-Onone";
			};
			name = Debug;
		};
		EA9839B428C0F4A000ACD5C8 /* Release */ = {
			isa = XCBuildConfiguration;
			buildSettings = {
				ALWAYS_SEARCH_USER_PATHS = NO;
				CLANG_ANALYZER_NONNULL = YES;
				CLANG_ANALYZER_NUMBER_OBJECT_CONVERSION = YES_AGGRESSIVE;
				CLANG_CXX_LANGUAGE_STANDARD = "gnu++17";
				CLANG_ENABLE_MODULES = YES;
				CLANG_ENABLE_OBJC_ARC = YES;
				CLANG_ENABLE_OBJC_WEAK = YES;
				CLANG_WARN_BLOCK_CAPTURE_AUTORELEASING = YES;
				CLANG_WARN_BOOL_CONVERSION = YES;
				CLANG_WARN_COMMA = YES;
				CLANG_WARN_CONSTANT_CONVERSION = YES;
				CLANG_WARN_DEPRECATED_OBJC_IMPLEMENTATIONS = YES;
				CLANG_WARN_DIRECT_OBJC_ISA_USAGE = YES_ERROR;
				CLANG_WARN_DOCUMENTATION_COMMENTS = YES;
				CLANG_WARN_EMPTY_BODY = YES;
				CLANG_WARN_ENUM_CONVERSION = YES;
				CLANG_WARN_INFINITE_RECURSION = YES;
				CLANG_WARN_INT_CONVERSION = YES;
				CLANG_WARN_NON_LITERAL_NULL_CONVERSION = YES;
				CLANG_WARN_OBJC_IMPLICIT_RETAIN_SELF = YES;
				CLANG_WARN_OBJC_LITERAL_CONVERSION = YES;
				CLANG_WARN_OBJC_ROOT_CLASS = YES_ERROR;
				CLANG_WARN_QUOTED_INCLUDE_IN_FRAMEWORK_HEADER = YES;
				CLANG_WARN_RANGE_LOOP_ANALYSIS = YES;
				CLANG_WARN_STRICT_PROTOTYPES = YES;
				CLANG_WARN_SUSPICIOUS_MOVE = YES;
				CLANG_WARN_UNGUARDED_AVAILABILITY = YES_AGGRESSIVE;
				CLANG_WARN_UNREACHABLE_CODE = YES;
				CLANG_WARN__DUPLICATE_METHOD_MATCH = YES;
				COPY_PHASE_STRIP = NO;
				DEBUG_INFORMATION_FORMAT = "dwarf-with-dsym";
				ENABLE_NS_ASSERTIONS = NO;
				ENABLE_STRICT_OBJC_MSGSEND = YES;
				GCC_C_LANGUAGE_STANDARD = gnu11;
				GCC_NO_COMMON_BLOCKS = YES;
				GCC_WARN_64_TO_32_BIT_CONVERSION = YES;
				GCC_WARN_ABOUT_RETURN_TYPE = YES_ERROR;
				GCC_WARN_UNDECLARED_SELECTOR = YES;
				GCC_WARN_UNINITIALIZED_AUTOS = YES_AGGRESSIVE;
				GCC_WARN_UNUSED_FUNCTION = YES;
				GCC_WARN_UNUSED_VARIABLE = YES;
				IPHONEOS_DEPLOYMENT_TARGET = 15.5;
				MTL_ENABLE_DEBUG_INFO = NO;
				MTL_FAST_MATH = YES;
				SDKROOT = iphoneos;
				SWIFT_COMPILATION_MODE = wholemodule;
				SWIFT_OPTIMIZATION_LEVEL = "-O";
				VALIDATE_PRODUCT = YES;
			};
			name = Release;
		};
		EA9839B628C0F4A000ACD5C8 /* Debug */ = {
			isa = XCBuildConfiguration;
			buildSettings = {
				ASSETCATALOG_COMPILER_APPICON_NAME = AppIcon;
				ASSETCATALOG_COMPILER_GLOBAL_ACCENT_COLOR_NAME = AccentColor;
				CODE_SIGN_STYLE = Automatic;
				CURRENT_PROJECT_VERSION = 1;
				GENERATE_INFOPLIST_FILE = YES;
				INFOPLIST_FILE = CommonInputControls/Info.plist;
				INFOPLIST_KEY_UIApplicationSupportsIndirectInputEvents = YES;
				INFOPLIST_KEY_UILaunchStoryboardName = LaunchScreen;
				INFOPLIST_KEY_UIMainStoryboardFile = Main;
				INFOPLIST_KEY_UISupportedInterfaceOrientations_iPad = "UIInterfaceOrientationPortrait UIInterfaceOrientationPortraitUpsideDown UIInterfaceOrientationLandscapeLeft UIInterfaceOrientationLandscapeRight";
				INFOPLIST_KEY_UISupportedInterfaceOrientations_iPhone = "UIInterfaceOrientationPortrait UIInterfaceOrientationLandscapeLeft UIInterfaceOrientationLandscapeRight";
				LD_RUNPATH_SEARCH_PATHS = (
					"$(inherited)",
					"@executable_path/Frameworks",
				);
				MARKETING_VERSION = 1.0;
				PRODUCT_BUNDLE_IDENTIFIER = frumpyNoids.CommonInputControls;
				PRODUCT_NAME = "$(TARGET_NAME)";
				SWIFT_EMIT_LOC_STRINGS = YES;
				SWIFT_VERSION = 5.0;
				TARGETED_DEVICE_FAMILY = "1,2";
			};
			name = Debug;
		};
		EA9839B728C0F4A000ACD5C8 /* Release */ = {
			isa = XCBuildConfiguration;
			buildSettings = {
				ASSETCATALOG_COMPILER_APPICON_NAME = AppIcon;
				ASSETCATALOG_COMPILER_GLOBAL_ACCENT_COLOR_NAME = AccentColor;
				CODE_SIGN_STYLE = Automatic;
				CURRENT_PROJECT_VERSION = 1;
				GENERATE_INFOPLIST_FILE = YES;
				INFOPLIST_FILE = CommonInputControls/Info.plist;
				INFOPLIST_KEY_UIApplicationSupportsIndirectInputEvents = YES;
				INFOPLIST_KEY_UILaunchStoryboardName = LaunchScreen;
				INFOPLIST_KEY_UIMainStoryboardFile = Main;
				INFOPLIST_KEY_UISupportedInterfaceOrientations_iPad = "UIInterfaceOrientationPortrait UIInterfaceOrientationPortraitUpsideDown UIInterfaceOrientationLandscapeLeft UIInterfaceOrientationLandscapeRight";
				INFOPLIST_KEY_UISupportedInterfaceOrientations_iPhone = "UIInterfaceOrientationPortrait UIInterfaceOrientationLandscapeLeft UIInterfaceOrientationLandscapeRight";
				LD_RUNPATH_SEARCH_PATHS = (
					"$(inherited)",
					"@executable_path/Frameworks",
				);
				MARKETING_VERSION = 1.0;
				PRODUCT_BUNDLE_IDENTIFIER = frumpyNoids.CommonInputControls;
				PRODUCT_NAME = "$(TARGET_NAME)";
				SWIFT_EMIT_LOC_STRINGS = YES;
				SWIFT_VERSION = 5.0;
				TARGETED_DEVICE_FAMILY = "1,2";
			};
			name = Release;
		};
		EA9839B928C0F4A000ACD5C8 /* Debug */ = {
			isa = XCBuildConfiguration;
			buildSettings = {
				ALWAYS_EMBED_SWIFT_STANDARD_LIBRARIES = YES;
				BUNDLE_LOADER = "$(TEST_HOST)";
				CODE_SIGN_STYLE = Automatic;
				CURRENT_PROJECT_VERSION = 1;
				GENERATE_INFOPLIST_FILE = YES;
				IPHONEOS_DEPLOYMENT_TARGET = 15.5;
				MARKETING_VERSION = 1.0;
				PRODUCT_BUNDLE_IDENTIFIER = frumpyNoids.CommonInputControlsTests;
				PRODUCT_NAME = "$(TARGET_NAME)";
				SWIFT_EMIT_LOC_STRINGS = NO;
				SWIFT_VERSION = 5.0;
				TARGETED_DEVICE_FAMILY = "1,2";
				TEST_HOST = "$(BUILT_PRODUCTS_DIR)/CommonInputControls.app/CommonInputControls";
			};
			name = Debug;
		};
		EA9839BA28C0F4A000ACD5C8 /* Release */ = {
			isa = XCBuildConfiguration;
			buildSettings = {
				ALWAYS_EMBED_SWIFT_STANDARD_LIBRARIES = YES;
				BUNDLE_LOADER = "$(TEST_HOST)";
				CODE_SIGN_STYLE = Automatic;
				CURRENT_PROJECT_VERSION = 1;
				GENERATE_INFOPLIST_FILE = YES;
				IPHONEOS_DEPLOYMENT_TARGET = 15.5;
				MARKETING_VERSION = 1.0;
				PRODUCT_BUNDLE_IDENTIFIER = frumpyNoids.CommonInputControlsTests;
				PRODUCT_NAME = "$(TARGET_NAME)";
				SWIFT_EMIT_LOC_STRINGS = NO;
				SWIFT_VERSION = 5.0;
				TARGETED_DEVICE_FAMILY = "1,2";
				TEST_HOST = "$(BUILT_PRODUCTS_DIR)/CommonInputControls.app/CommonInputControls";
			};
			name = Release;
		};
		EA9839BC28C0F4A000ACD5C8 /* Debug */ = {
			isa = XCBuildConfiguration;
			buildSettings = {
				ALWAYS_EMBED_SWIFT_STANDARD_LIBRARIES = YES;
				CODE_SIGN_STYLE = Automatic;
				CURRENT_PROJECT_VERSION = 1;
				GENERATE_INFOPLIST_FILE = YES;
				MARKETING_VERSION = 1.0;
				PRODUCT_BUNDLE_IDENTIFIER = frumpyNoids.CommonInputControlsUITests;
				PRODUCT_NAME = "$(TARGET_NAME)";
				SWIFT_EMIT_LOC_STRINGS = NO;
				SWIFT_VERSION = 5.0;
				TARGETED_DEVICE_FAMILY = "1,2";
				TEST_TARGET_NAME = CommonInputControls;
			};
			name = Debug;
		};
		EA9839BD28C0F4A000ACD5C8 /* Release */ = {
			isa = XCBuildConfiguration;
			buildSettings = {
				ALWAYS_EMBED_SWIFT_STANDARD_LIBRARIES = YES;
				CODE_SIGN_STYLE = Automatic;
				CURRENT_PROJECT_VERSION = 1;
				GENERATE_INFOPLIST_FILE = YES;
				MARKETING_VERSION = 1.0;
				PRODUCT_BUNDLE_IDENTIFIER = frumpyNoids.CommonInputControlsUITests;
				PRODUCT_NAME = "$(TARGET_NAME)";
				SWIFT_EMIT_LOC_STRINGS = NO;
				SWIFT_VERSION = 5.0;
				TARGETED_DEVICE_FAMILY = "1,2";
				TEST_TARGET_NAME = CommonInputControls;
			};
			name = Release;
		};
/* End XCBuildConfiguration section */

/* Begin XCConfigurationList section */
		EA98398628C0F49C00ACD5C8 /* Build configuration list for PBXProject "CommonInputControls" */ = {
			isa = XCConfigurationList;
			buildConfigurations = (
				EA9839B328C0F4A000ACD5C8 /* Debug */,
				EA9839B428C0F4A000ACD5C8 /* Release */,
			);
			defaultConfigurationIsVisible = 0;
			defaultConfigurationName = Release;
		};
		EA9839B528C0F4A000ACD5C8 /* Build configuration list for PBXNativeTarget "CommonInputControls" */ = {
			isa = XCConfigurationList;
			buildConfigurations = (
				EA9839B628C0F4A000ACD5C8 /* Debug */,
				EA9839B728C0F4A000ACD5C8 /* Release */,
			);
			defaultConfigurationIsVisible = 0;
			defaultConfigurationName = Release;
		};
		EA9839B828C0F4A000ACD5C8 /* Build configuration list for PBXNativeTarget "CommonInputControlsTests" */ = {
			isa = XCConfigurationList;
			buildConfigurations = (
				EA9839B928C0F4A000ACD5C8 /* Debug */,
				EA9839BA28C0F4A000ACD5C8 /* Release */,
			);
			defaultConfigurationIsVisible = 0;
			defaultConfigurationName = Release;
		};
		EA9839BB28C0F4A000ACD5C8 /* Build configuration list for PBXNativeTarget "CommonInputControlsUITests" */ = {
			isa = XCConfigurationList;
			buildConfigurations = (
				EA9839BC28C0F4A000ACD5C8 /* Debug */,
				EA9839BD28C0F4A000ACD5C8 /* Release */,
			);
			defaultConfigurationIsVisible = 0;
			defaultConfigurationName = Release;
		};
/* End XCConfigurationList section */
	};
	rootObject = EA98398328C0F49C00ACD5C8 /* Project object */;
}
