// !$*UTF8*$!
{
	archiveVersion = 1;
	classes = {
	};
	objectVersion = 55;
	objects = {

/* Begin PBXBuildFile section */
		EAEEAA8028D8BBE300975DBD /* AppDelegate.swift in Sources */ = {isa = PBXBuildFile; fileRef = EAEEAA7F28D8BBE300975DBD /* AppDelegate.swift */; };
		EAEEAA8228D8BBE300975DBD /* SceneDelegate.swift in Sources */ = {isa = PBXBuildFile; fileRef = EAEEAA8128D8BBE300975DBD /* SceneDelegate.swift */; };
		EAEEAA8428D8BBE300975DBD /* ViewController.swift in Sources */ = {isa = PBXBuildFile; fileRef = EAEEAA8328D8BBE300975DBD /* ViewController.swift */; };
		EAEEAA8728D8BBE300975DBD /* Main.storyboard in Resources */ = {isa = PBXBuildFile; fileRef = EAEEAA8528D8BBE300975DBD /* Main.storyboard */; };
		EAEEAA8928D8BBE500975DBD /* Assets.xcassets in Resources */ = {isa = PBXBuildFile; fileRef = EAEEAA8828D8BBE500975DBD /* Assets.xcassets */; };
		EAEEAA8C28D8BBE500975DBD /* LaunchScreen.storyboard in Resources */ = {isa = PBXBuildFile; fileRef = EAEEAA8A28D8BBE500975DBD /* LaunchScreen.storyboard */; };
		EAEEAA9728D8BBE600975DBD /* ApplePieTests.swift in Sources */ = {isa = PBXBuildFile; fileRef = EAEEAA9628D8BBE600975DBD /* ApplePieTests.swift */; };
		EAEEAAA128D8BBE600975DBD /* ApplePieUITests.swift in Sources */ = {isa = PBXBuildFile; fileRef = EAEEAAA028D8BBE600975DBD /* ApplePieUITests.swift */; };
		EAEEAAA328D8BBE600975DBD /* ApplePieUITestsLaunchTests.swift in Sources */ = {isa = PBXBuildFile; fileRef = EAEEAAA228D8BBE600975DBD /* ApplePieUITestsLaunchTests.swift */; };
		EAEEAAB028D8C88600975DBD /* Game.swift in Sources */ = {isa = PBXBuildFile; fileRef = EAEEAAAF28D8C88600975DBD /* Game.swift */; };
/* End PBXBuildFile section */

/* Begin PBXContainerItemProxy section */
		EAEEAA9328D8BBE600975DBD /* PBXContainerItemProxy */ = {
			isa = PBXContainerItemProxy;
			containerPortal = EAEEAA7428D8BBE300975DBD /* Project object */;
			proxyType = 1;
			remoteGlobalIDString = EAEEAA7B28D8BBE300975DBD;
			remoteInfo = ApplePie;
		};
		EAEEAA9D28D8BBE600975DBD /* PBXContainerItemProxy */ = {
			isa = PBXContainerItemProxy;
			containerPortal = EAEEAA7428D8BBE300975DBD /* Project object */;
			proxyType = 1;
			remoteGlobalIDString = EAEEAA7B28D8BBE300975DBD;
			remoteInfo = ApplePie;
		};
/* End PBXContainerItemProxy section */

/* Begin PBXFileReference section */
		EAEEAA7C28D8BBE300975DBD /* ApplePie.app */ = {isa = PBXFileReference; explicitFileType = wrapper.application; includeInIndex = 0; path = ApplePie.app; sourceTree = BUILT_PRODUCTS_DIR; };
		EAEEAA7F28D8BBE300975DBD /* AppDelegate.swift */ = {isa = PBXFileReference; lastKnownFileType = sourcecode.swift; path = AppDelegate.swift; sourceTree = "<group>"; };
		EAEEAA8128D8BBE300975DBD /* SceneDelegate.swift */ = {isa = PBXFileReference; lastKnownFileType = sourcecode.swift; path = SceneDelegate.swift; sourceTree = "<group>"; };
		EAEEAA8328D8BBE300975DBD /* ViewController.swift */ = {isa = PBXFileReference; lastKnownFileType = sourcecode.swift; path = ViewController.swift; sourceTree = "<group>"; };
		EAEEAA8628D8BBE300975DBD /* Base */ = {isa = PBXFileReference; lastKnownFileType = file.storyboard; name = Base; path = Base.lproj/Main.storyboard; sourceTree = "<group>"; };
		EAEEAA8828D8BBE500975DBD /* Assets.xcassets */ = {isa = PBXFileReference; lastKnownFileType = folder.assetcatalog; path = Assets.xcassets; sourceTree = "<group>"; };
		EAEEAA8B28D8BBE500975DBD /* Base */ = {isa = PBXFileReference; lastKnownFileType = file.storyboard; name = Base; path = Base.lproj/LaunchScreen.storyboard; sourceTree = "<group>"; };
		EAEEAA8D28D8BBE500975DBD /* Info.plist */ = {isa = PBXFileReference; lastKnownFileType = text.plist.xml; path = Info.plist; sourceTree = "<group>"; };
		EAEEAA9228D8BBE600975DBD /* ApplePieTests.xctest */ = {isa = PBXFileReference; explicitFileType = wrapper.cfbundle; includeInIndex = 0; path = ApplePieTests.xctest; sourceTree = BUILT_PRODUCTS_DIR; };
		EAEEAA9628D8BBE600975DBD /* ApplePieTests.swift */ = {isa = PBXFileReference; lastKnownFileType = sourcecode.swift; path = ApplePieTests.swift; sourceTree = "<group>"; };
		EAEEAA9C28D8BBE600975DBD /* ApplePieUITests.xctest */ = {isa = PBXFileReference; explicitFileType = wrapper.cfbundle; includeInIndex = 0; path = ApplePieUITests.xctest; sourceTree = BUILT_PRODUCTS_DIR; };
		EAEEAAA028D8BBE600975DBD /* ApplePieUITests.swift */ = {isa = PBXFileReference; lastKnownFileType = sourcecode.swift; path = ApplePieUITests.swift; sourceTree = "<group>"; };
		EAEEAAA228D8BBE600975DBD /* ApplePieUITestsLaunchTests.swift */ = {isa = PBXFileReference; lastKnownFileType = sourcecode.swift; path = ApplePieUITestsLaunchTests.swift; sourceTree = "<group>"; };
		EAEEAAAF28D8C88600975DBD /* Game.swift */ = {isa = PBXFileReference; lastKnownFileType = sourcecode.swift; path = Game.swift; sourceTree = "<group>"; };
/* End PBXFileReference section */

/* Begin PBXFrameworksBuildPhase section */
		EAEEAA7928D8BBE300975DBD /* Frameworks */ = {
			isa = PBXFrameworksBuildPhase;
			buildActionMask = 2147483647;
			files = (
			);
			runOnlyForDeploymentPostprocessing = 0;
		};
		EAEEAA8F28D8BBE600975DBD /* Frameworks */ = {
			isa = PBXFrameworksBuildPhase;
			buildActionMask = 2147483647;
			files = (
			);
			runOnlyForDeploymentPostprocessing = 0;
		};
		EAEEAA9928D8BBE600975DBD /* Frameworks */ = {
			isa = PBXFrameworksBuildPhase;
			buildActionMask = 2147483647;
			files = (
			);
			runOnlyForDeploymentPostprocessing = 0;
		};
/* End PBXFrameworksBuildPhase section */

/* Begin PBXGroup section */
		EAEEAA7328D8BBE300975DBD = {
			isa = PBXGroup;
			children = (
				EAEEAA7E28D8BBE300975DBD /* ApplePie */,
				EAEEAA9528D8BBE600975DBD /* ApplePieTests */,
				EAEEAA9F28D8BBE600975DBD /* ApplePieUITests */,
				EAEEAA7D28D8BBE300975DBD /* Products */,
			);
			sourceTree = "<group>";
		};
		EAEEAA7D28D8BBE300975DBD /* Products */ = {
			isa = PBXGroup;
			children = (
				EAEEAA7C28D8BBE300975DBD /* ApplePie.app */,
				EAEEAA9228D8BBE600975DBD /* ApplePieTests.xctest */,
				EAEEAA9C28D8BBE600975DBD /* ApplePieUITests.xctest */,
			);
			name = Products;
			sourceTree = "<group>";
		};
		EAEEAA7E28D8BBE300975DBD /* ApplePie */ = {
			isa = PBXGroup;
			children = (
				EAEEAA7F28D8BBE300975DBD /* AppDelegate.swift */,
				EAEEAA8128D8BBE300975DBD /* SceneDelegate.swift */,
				EAEEAA8328D8BBE300975DBD /* ViewController.swift */,
				EAEEAAAF28D8C88600975DBD /* Game.swift */,
				EAEEAA8528D8BBE300975DBD /* Main.storyboard */,
				EAEEAA8828D8BBE500975DBD /* Assets.xcassets */,
				EAEEAA8A28D8BBE500975DBD /* LaunchScreen.storyboard */,
				EAEEAA8D28D8BBE500975DBD /* Info.plist */,
			);
			path = ApplePie;
			sourceTree = "<group>";
		};
		EAEEAA9528D8BBE600975DBD /* ApplePieTests */ = {
			isa = PBXGroup;
			children = (
				EAEEAA9628D8BBE600975DBD /* ApplePieTests.swift */,
			);
			path = ApplePieTests;
			sourceTree = "<group>";
		};
		EAEEAA9F28D8BBE600975DBD /* ApplePieUITests */ = {
			isa = PBXGroup;
			children = (
				EAEEAAA028D8BBE600975DBD /* ApplePieUITests.swift */,
				EAEEAAA228D8BBE600975DBD /* ApplePieUITestsLaunchTests.swift */,
			);
			path = ApplePieUITests;
			sourceTree = "<group>";
		};
/* End PBXGroup section */

/* Begin PBXNativeTarget section */
		EAEEAA7B28D8BBE300975DBD /* ApplePie */ = {
			isa = PBXNativeTarget;
			buildConfigurationList = EAEEAAA628D8BBE600975DBD /* Build configuration list for PBXNativeTarget "ApplePie" */;
			buildPhases = (
				EAEEAA7828D8BBE300975DBD /* Sources */,
				EAEEAA7928D8BBE300975DBD /* Frameworks */,
				EAEEAA7A28D8BBE300975DBD /* Resources */,
			);
			buildRules = (
			);
			dependencies = (
			);
			name = ApplePie;
			productName = ApplePie;
			productReference = EAEEAA7C28D8BBE300975DBD /* ApplePie.app */;
			productType = "com.apple.product-type.application";
		};
		EAEEAA9128D8BBE600975DBD /* ApplePieTests */ = {
			isa = PBXNativeTarget;
			buildConfigurationList = EAEEAAA928D8BBE600975DBD /* Build configuration list for PBXNativeTarget "ApplePieTests" */;
			buildPhases = (
				EAEEAA8E28D8BBE600975DBD /* Sources */,
				EAEEAA8F28D8BBE600975DBD /* Frameworks */,
				EAEEAA9028D8BBE600975DBD /* Resources */,
			);
			buildRules = (
			);
			dependencies = (
				EAEEAA9428D8BBE600975DBD /* PBXTargetDependency */,
			);
			name = ApplePieTests;
			productName = ApplePieTests;
			productReference = EAEEAA9228D8BBE600975DBD /* ApplePieTests.xctest */;
			productType = "com.apple.product-type.bundle.unit-test";
		};
		EAEEAA9B28D8BBE600975DBD /* ApplePieUITests */ = {
			isa = PBXNativeTarget;
			buildConfigurationList = EAEEAAAC28D8BBE600975DBD /* Build configuration list for PBXNativeTarget "ApplePieUITests" */;
			buildPhases = (
				EAEEAA9828D8BBE600975DBD /* Sources */,
				EAEEAA9928D8BBE600975DBD /* Frameworks */,
				EAEEAA9A28D8BBE600975DBD /* Resources */,
			);
			buildRules = (
			);
			dependencies = (
				EAEEAA9E28D8BBE600975DBD /* PBXTargetDependency */,
			);
			name = ApplePieUITests;
			productName = ApplePieUITests;
			productReference = EAEEAA9C28D8BBE600975DBD /* ApplePieUITests.xctest */;
			productType = "com.apple.product-type.bundle.ui-testing";
		};
/* End PBXNativeTarget section */

/* Begin PBXProject section */
		EAEEAA7428D8BBE300975DBD /* Project object */ = {
			isa = PBXProject;
			attributes = {
				BuildIndependentTargetsInParallel = 1;
				LastSwiftUpdateCheck = 1340;
				LastUpgradeCheck = 1340;
				TargetAttributes = {
					EAEEAA7B28D8BBE300975DBD = {
						CreatedOnToolsVersion = 13.4.1;
					};
					EAEEAA9128D8BBE600975DBD = {
						CreatedOnToolsVersion = 13.4.1;
						TestTargetID = EAEEAA7B28D8BBE300975DBD;
					};
					EAEEAA9B28D8BBE600975DBD = {
						CreatedOnToolsVersion = 13.4.1;
						TestTargetID = EAEEAA7B28D8BBE300975DBD;
					};
				};
			};
			buildConfigurationList = EAEEAA7728D8BBE300975DBD /* Build configuration list for PBXProject "ApplePie" */;
			compatibilityVersion = "Xcode 13.0";
			developmentRegion = en;
			hasScannedForEncodings = 0;
			knownRegions = (
				en,
				Base,
			);
			mainGroup = EAEEAA7328D8BBE300975DBD;
			productRefGroup = EAEEAA7D28D8BBE300975DBD /* Products */;
			projectDirPath = "";
			projectRoot = "";
			targets = (
				EAEEAA7B28D8BBE300975DBD /* ApplePie */,
				EAEEAA9128D8BBE600975DBD /* ApplePieTests */,
				EAEEAA9B28D8BBE600975DBD /* ApplePieUITests */,
			);
		};
/* End PBXProject section */

/* Begin PBXResourcesBuildPhase section */
		EAEEAA7A28D8BBE300975DBD /* Resources */ = {
			isa = PBXResourcesBuildPhase;
			buildActionMask = 2147483647;
			files = (
				EAEEAA8C28D8BBE500975DBD /* LaunchScreen.storyboard in Resources */,
				EAEEAA8928D8BBE500975DBD /* Assets.xcassets in Resources */,
				EAEEAA8728D8BBE300975DBD /* Main.storyboard in Resources */,
			);
			runOnlyForDeploymentPostprocessing = 0;
		};
		EAEEAA9028D8BBE600975DBD /* Resources */ = {
			isa = PBXResourcesBuildPhase;
			buildActionMask = 2147483647;
			files = (
			);
			runOnlyForDeploymentPostprocessing = 0;
		};
		EAEEAA9A28D8BBE600975DBD /* Resources */ = {
			isa = PBXResourcesBuildPhase;
			buildActionMask = 2147483647;
			files = (
			);
			runOnlyForDeploymentPostprocessing = 0;
		};
/* End PBXResourcesBuildPhase section */

/* Begin PBXSourcesBuildPhase section */
		EAEEAA7828D8BBE300975DBD /* Sources */ = {
			isa = PBXSourcesBuildPhase;
			buildActionMask = 2147483647;
			files = (
				EAEEAA8428D8BBE300975DBD /* ViewController.swift in Sources */,
				EAEEAA8028D8BBE300975DBD /* AppDelegate.swift in Sources */,
				EAEEAA8228D8BBE300975DBD /* SceneDelegate.swift in Sources */,
				EAEEAAB028D8C88600975DBD /* Game.swift in Sources */,
			);
			runOnlyForDeploymentPostprocessing = 0;
		};
		EAEEAA8E28D8BBE600975DBD /* Sources */ = {
			isa = PBXSourcesBuildPhase;
			buildActionMask = 2147483647;
			files = (
				EAEEAA9728D8BBE600975DBD /* ApplePieTests.swift in Sources */,
			);
			runOnlyForDeploymentPostprocessing = 0;
		};
		EAEEAA9828D8BBE600975DBD /* Sources */ = {
			isa = PBXSourcesBuildPhase;
			buildActionMask = 2147483647;
			files = (
				EAEEAAA328D8BBE600975DBD /* ApplePieUITestsLaunchTests.swift in Sources */,
				EAEEAAA128D8BBE600975DBD /* ApplePieUITests.swift in Sources */,
			);
			runOnlyForDeploymentPostprocessing = 0;
		};
/* End PBXSourcesBuildPhase section */

/* Begin PBXTargetDependency section */
		EAEEAA9428D8BBE600975DBD /* PBXTargetDependency */ = {
			isa = PBXTargetDependency;
			target = EAEEAA7B28D8BBE300975DBD /* ApplePie */;
			targetProxy = EAEEAA9328D8BBE600975DBD /* PBXContainerItemProxy */;
		};
		EAEEAA9E28D8BBE600975DBD /* PBXTargetDependency */ = {
			isa = PBXTargetDependency;
			target = EAEEAA7B28D8BBE300975DBD /* ApplePie */;
			targetProxy = EAEEAA9D28D8BBE600975DBD /* PBXContainerItemProxy */;
		};
/* End PBXTargetDependency section */

/* Begin PBXVariantGroup section */
		EAEEAA8528D8BBE300975DBD /* Main.storyboard */ = {
			isa = PBXVariantGroup;
			children = (
				EAEEAA8628D8BBE300975DBD /* Base */,
			);
			name = Main.storyboard;
			sourceTree = "<group>";
		};
		EAEEAA8A28D8BBE500975DBD /* LaunchScreen.storyboard */ = {
			isa = PBXVariantGroup;
			children = (
				EAEEAA8B28D8BBE500975DBD /* Base */,
			);
			name = LaunchScreen.storyboard;
			sourceTree = "<group>";
		};
/* End PBXVariantGroup section */

/* Begin XCBuildConfiguration section */
		EAEEAAA428D8BBE600975DBD /* Debug */ = {
			isa = XCBuildConfiguration;
			buildSettings = {
				ALWAYS_SEARCH_USER_PATHS = NO;
				CLANG_ANALYZER_NONNULL = YES;
				CLANG_ANALYZER_NUMBER_OBJECT_CONVERSION = YES_AGGRESSIVE;
				CLANG_CXX_LANGUAGE_STANDARD = "gnu++17";
				CLANG_ENABLE_MODULES = YES;
				CLANG_ENABLE_OBJC_ARC = YES;
				CLANG_ENABLE_OBJC_WEAK = YES;
				CLANG_WARN_BLOCK_CAPTURE_AUTORELEASING = YES;
				CLANG_WARN_BOOL_CONVERSION = YES;
				CLANG_WARN_COMMA = YES;
				CLANG_WARN_CONSTANT_CONVERSION = YES;
				CLANG_WARN_DEPRECATED_OBJC_IMPLEMENTATIONS = YES;
				CLANG_WARN_DIRECT_OBJC_ISA_USAGE = YES_ERROR;
				CLANG_WARN_DOCUMENTATION_COMMENTS = YES;
				CLANG_WARN_EMPTY_BODY = YES;
				CLANG_WARN_ENUM_CONVERSION = YES;
				CLANG_WARN_INFINITE_RECURSION = YES;
				CLANG_WARN_INT_CONVERSION = YES;
				CLANG_WARN_NON_LITERAL_NULL_CONVERSION = YES;
				CLANG_WARN_OBJC_IMPLICIT_RETAIN_SELF = YES;
				CLANG_WARN_OBJC_LITERAL_CONVERSION = YES;
				CLANG_WARN_OBJC_ROOT_CLASS = YES_ERROR;
				CLANG_WARN_QUOTED_INCLUDE_IN_FRAMEWORK_HEADER = YES;
				CLANG_WARN_RANGE_LOOP_ANALYSIS = YES;
				CLANG_WARN_STRICT_PROTOTYPES = YES;
				CLANG_WARN_SUSPICIOUS_MOVE = YES;
				CLANG_WARN_UNGUARDED_AVAILABILITY = YES_AGGRESSIVE;
				CLANG_WARN_UNREACHABLE_CODE = YES;
				CLANG_WARN__DUPLICATE_METHOD_MATCH = YES;
				COPY_PHASE_STRIP = NO;
				DEBUG_INFORMATION_FORMAT = dwarf;
				ENABLE_STRICT_OBJC_MSGSEND = YES;
				ENABLE_TESTABILITY = YES;
				GCC_C_LANGUAGE_STANDARD = gnu11;
				GCC_DYNAMIC_NO_PIC = NO;
				GCC_NO_COMMON_BLOCKS = YES;
				GCC_OPTIMIZATION_LEVEL = 0;
				GCC_PREPROCESSOR_DEFINITIONS = (
					"DEBUG=1",
					"$(inherited)",
				);
				GCC_WARN_64_TO_32_BIT_CONVERSION = YES;
				GCC_WARN_ABOUT_RETURN_TYPE = YES_ERROR;
				GCC_WARN_UNDECLARED_SELECTOR = YES;
				GCC_WARN_UNINITIALIZED_AUTOS = YES_AGGRESSIVE;
				GCC_WARN_UNUSED_FUNCTION = YES;
				GCC_WARN_UNUSED_VARIABLE = YES;
				IPHONEOS_DEPLOYMENT_TARGET = 15.5;
				MTL_ENABLE_DEBUG_INFO = INCLUDE_SOURCE;
				MTL_FAST_MATH = YES;
				ONLY_ACTIVE_ARCH = YES;
				SDKROOT = iphoneos;
				SWIFT_ACTIVE_COMPILATION_CONDITIONS = DEBUG;
				SWIFT_OPTIMIZATION_LEVEL = "-Onone";
			};
			name = Debug;
		};
		EAEEAAA528D8BBE600975DBD /* Release */ = {
			isa = XCBuildConfiguration;
			buildSettings = {
				ALWAYS_SEARCH_USER_PATHS = NO;
				CLANG_ANALYZER_NONNULL = YES;
				CLANG_ANALYZER_NUMBER_OBJECT_CONVERSION = YES_AGGRESSIVE;
				CLANG_CXX_LANGUAGE_STANDARD = "gnu++17";
				CLANG_ENABLE_MODULES = YES;
				CLANG_ENABLE_OBJC_ARC = YES;
				CLANG_ENABLE_OBJC_WEAK = YES;
				CLANG_WARN_BLOCK_CAPTURE_AUTORELEASING = YES;
				CLANG_WARN_BOOL_CONVERSION = YES;
				CLANG_WARN_COMMA = YES;
				CLANG_WARN_CONSTANT_CONVERSION = YES;
				CLANG_WARN_DEPRECATED_OBJC_IMPLEMENTATIONS = YES;
				CLANG_WARN_DIRECT_OBJC_ISA_USAGE = YES_ERROR;
				CLANG_WARN_DOCUMENTATION_COMMENTS = YES;
				CLANG_WARN_EMPTY_BODY = YES;
				CLANG_WARN_ENUM_CONVERSION = YES;
				CLANG_WARN_INFINITE_RECURSION = YES;
				CLANG_WARN_INT_CONVERSION = YES;
				CLANG_WARN_NON_LITERAL_NULL_CONVERSION = YES;
				CLANG_WARN_OBJC_IMPLICIT_RETAIN_SELF = YES;
				CLANG_WARN_OBJC_LITERAL_CONVERSION = YES;
				CLANG_WARN_OBJC_ROOT_CLASS = YES_ERROR;
				CLANG_WARN_QUOTED_INCLUDE_IN_FRAMEWORK_HEADER = YES;
				CLANG_WARN_RANGE_LOOP_ANALYSIS = YES;
				CLANG_WARN_STRICT_PROTOTYPES = YES;
				CLANG_WARN_SUSPICIOUS_MOVE = YES;
				CLANG_WARN_UNGUARDED_AVAILABILITY = YES_AGGRESSIVE;
				CLANG_WARN_UNREACHABLE_CODE = YES;
				CLANG_WARN__DUPLICATE_METHOD_MATCH = YES;
				COPY_PHASE_STRIP = NO;
				DEBUG_INFORMATION_FORMAT = "dwarf-with-dsym";
				ENABLE_NS_ASSERTIONS = NO;
				ENABLE_STRICT_OBJC_MSGSEND = YES;
				GCC_C_LANGUAGE_STANDARD = gnu11;
				GCC_NO_COMMON_BLOCKS = YES;
				GCC_WARN_64_TO_32_BIT_CONVERSION = YES;
				GCC_WARN_ABOUT_RETURN_TYPE = YES_ERROR;
				GCC_WARN_UNDECLARED_SELECTOR = YES;
				GCC_WARN_UNINITIALIZED_AUTOS = YES_AGGRESSIVE;
				GCC_WARN_UNUSED_FUNCTION = YES;
				GCC_WARN_UNUSED_VARIABLE = YES;
				IPHONEOS_DEPLOYMENT_TARGET = 15.5;
				MTL_ENABLE_DEBUG_INFO = NO;
				MTL_FAST_MATH = YES;
				SDKROOT = iphoneos;
				SWIFT_COMPILATION_MODE = wholemodule;
				SWIFT_OPTIMIZATION_LEVEL = "-O";
				VALIDATE_PRODUCT = YES;
			};
			name = Release;
		};
		EAEEAAA728D8BBE600975DBD /* Debug */ = {
			isa = XCBuildConfiguration;
			buildSettings = {
				ASSETCATALOG_COMPILER_APPICON_NAME = AppIcon;
				ASSETCATALOG_COMPILER_GLOBAL_ACCENT_COLOR_NAME = AccentColor;
				CODE_SIGN_STYLE = Automatic;
				CURRENT_PROJECT_VERSION = 1;
				GENERATE_INFOPLIST_FILE = YES;
				INFOPLIST_FILE = ApplePie/Info.plist;
				INFOPLIST_KEY_UIApplicationSupportsIndirectInputEvents = YES;
				INFOPLIST_KEY_UILaunchStoryboardName = LaunchScreen;
				INFOPLIST_KEY_UIMainStoryboardFile = Main;
				INFOPLIST_KEY_UISupportedInterfaceOrientations_iPad = "UIInterfaceOrientationPortrait UIInterfaceOrientationPortraitUpsideDown UIInterfaceOrientationLandscapeLeft UIInterfaceOrientationLandscapeRight";
				INFOPLIST_KEY_UISupportedInterfaceOrientations_iPhone = "UIInterfaceOrientationPortrait UIInterfaceOrientationLandscapeLeft UIInterfaceOrientationLandscapeRight";
				LD_RUNPATH_SEARCH_PATHS = (
					"$(inherited)",
					"@executable_path/Frameworks",
				);
				MARKETING_VERSION = 1.0;
				PRODUCT_BUNDLE_IDENTIFIER = Hope.ApplePie;
				PRODUCT_NAME = "$(TARGET_NAME)";
				SWIFT_EMIT_LOC_STRINGS = YES;
				SWIFT_VERSION = 5.0;
				TARGETED_DEVICE_FAMILY = 2;
			};
			name = Debug;
		};
		EAEEAAA828D8BBE600975DBD /* Release */ = {
			isa = XCBuildConfiguration;
			buildSettings = {
				ASSETCATALOG_COMPILER_APPICON_NAME = AppIcon;
				ASSETCATALOG_COMPILER_GLOBAL_ACCENT_COLOR_NAME = AccentColor;
				CODE_SIGN_STYLE = Automatic;
				CURRENT_PROJECT_VERSION = 1;
				GENERATE_INFOPLIST_FILE = YES;
				INFOPLIST_FILE = ApplePie/Info.plist;
				INFOPLIST_KEY_UIApplicationSupportsIndirectInputEvents = YES;
				INFOPLIST_KEY_UILaunchStoryboardName = LaunchScreen;
				INFOPLIST_KEY_UIMainStoryboardFile = Main;
				INFOPLIST_KEY_UISupportedInterfaceOrientations_iPad = "UIInterfaceOrientationPortrait UIInterfaceOrientationPortraitUpsideDown UIInterfaceOrientationLandscapeLeft UIInterfaceOrientationLandscapeRight";
				INFOPLIST_KEY_UISupportedInterfaceOrientations_iPhone = "UIInterfaceOrientationPortrait UIInterfaceOrientationLandscapeLeft UIInterfaceOrientationLandscapeRight";
				LD_RUNPATH_SEARCH_PATHS = (
					"$(inherited)",
					"@executable_path/Frameworks",
				);
				MARKETING_VERSION = 1.0;
				PRODUCT_BUNDLE_IDENTIFIER = Hope.ApplePie;
				PRODUCT_NAME = "$(TARGET_NAME)";
				SWIFT_EMIT_LOC_STRINGS = YES;
				SWIFT_VERSION = 5.0;
				TARGETED_DEVICE_FAMILY = 2;
			};
			name = Release;
		};
		EAEEAAAA28D8BBE600975DBD /* Debug */ = {
			isa = XCBuildConfiguration;
			buildSettings = {
				ALWAYS_EMBED_SWIFT_STANDARD_LIBRARIES = YES;
				BUNDLE_LOADER = "$(TEST_HOST)";
				CODE_SIGN_STYLE = Automatic;
				CURRENT_PROJECT_VERSION = 1;
				GENERATE_INFOPLIST_FILE = YES;
				IPHONEOS_DEPLOYMENT_TARGET = 15.5;
				MARKETING_VERSION = 1.0;
				PRODUCT_BUNDLE_IDENTIFIER = Hope.ApplePieTests;
				PRODUCT_NAME = "$(TARGET_NAME)";
				SWIFT_EMIT_LOC_STRINGS = NO;
				SWIFT_VERSION = 5.0;
				TARGETED_DEVICE_FAMILY = "1,2";
				TEST_HOST = "$(BUILT_PRODUCTS_DIR)/ApplePie.app/ApplePie";
			};
			name = Debug;
		};
		EAEEAAAB28D8BBE600975DBD /* Release */ = {
			isa = XCBuildConfiguration;
			buildSettings = {
				ALWAYS_EMBED_SWIFT_STANDARD_LIBRARIES = YES;
				BUNDLE_LOADER = "$(TEST_HOST)";
				CODE_SIGN_STYLE = Automatic;
				CURRENT_PROJECT_VERSION = 1;
				GENERATE_INFOPLIST_FILE = YES;
				IPHONEOS_DEPLOYMENT_TARGET = 15.5;
				MARKETING_VERSION = 1.0;
				PRODUCT_BUNDLE_IDENTIFIER = Hope.ApplePieTests;
				PRODUCT_NAME = "$(TARGET_NAME)";
				SWIFT_EMIT_LOC_STRINGS = NO;
				SWIFT_VERSION = 5.0;
				TARGETED_DEVICE_FAMILY = "1,2";
				TEST_HOST = "$(BUILT_PRODUCTS_DIR)/ApplePie.app/ApplePie";
			};
			name = Release;
		};
		EAEEAAAD28D8BBE600975DBD /* Debug */ = {
			isa = XCBuildConfiguration;
			buildSettings = {
				ALWAYS_EMBED_SWIFT_STANDARD_LIBRARIES = YES;
				CODE_SIGN_STYLE = Automatic;
				CURRENT_PROJECT_VERSION = 1;
				GENERATE_INFOPLIST_FILE = YES;
				MARKETING_VERSION = 1.0;
				PRODUCT_BUNDLE_IDENTIFIER = Hope.ApplePieUITests;
				PRODUCT_NAME = "$(TARGET_NAME)";
				SWIFT_EMIT_LOC_STRINGS = NO;
				SWIFT_VERSION = 5.0;
				TARGETED_DEVICE_FAMILY = "1,2";
				TEST_TARGET_NAME = ApplePie;
			};
			name = Debug;
		};
		EAEEAAAE28D8BBE600975DBD /* Release */ = {
			isa = XCBuildConfiguration;
			buildSettings = {
				ALWAYS_EMBED_SWIFT_STANDARD_LIBRARIES = YES;
				CODE_SIGN_STYLE = Automatic;
				CURRENT_PROJECT_VERSION = 1;
				GENERATE_INFOPLIST_FILE = YES;
				MARKETING_VERSION = 1.0;
				PRODUCT_BUNDLE_IDENTIFIER = Hope.ApplePieUITests;
				PRODUCT_NAME = "$(TARGET_NAME)";
				SWIFT_EMIT_LOC_STRINGS = NO;
				SWIFT_VERSION = 5.0;
				TARGETED_DEVICE_FAMILY = "1,2";
				TEST_TARGET_NAME = ApplePie;
			};
			name = Release;
		};
/* End XCBuildConfiguration section */

/* Begin XCConfigurationList section */
		EAEEAA7728D8BBE300975DBD /* Build configuration list for PBXProject "ApplePie" */ = {
			isa = XCConfigurationList;
			buildConfigurations = (
				EAEEAAA428D8BBE600975DBD /* Debug */,
				EAEEAAA528D8BBE600975DBD /* Release */,
			);
			defaultConfigurationIsVisible = 0;
			defaultConfigurationName = Release;
		};
		EAEEAAA628D8BBE600975DBD /* Build configuration list for PBXNativeTarget "ApplePie" */ = {
			isa = XCConfigurationList;
			buildConfigurations = (
				EAEEAAA728D8BBE600975DBD /* Debug */,
				EAEEAAA828D8BBE600975DBD /* Release */,
			);
			defaultConfigurationIsVisible = 0;
			defaultConfigurationName = Release;
		};
		EAEEAAA928D8BBE600975DBD /* Build configuration list for PBXNativeTarget "ApplePieTests" */ = {
			isa = XCConfigurationList;
			buildConfigurations = (
				EAEEAAAA28D8BBE600975DBD /* Debug */,
				EAEEAAAB28D8BBE600975DBD /* Release */,
			);
			defaultConfigurationIsVisible = 0;
			defaultConfigurationName = Release;
		};
		EAEEAAAC28D8BBE600975DBD /* Build configuration list for PBXNativeTarget "ApplePieUITests" */ = {
			isa = XCConfigurationList;
			buildConfigurations = (
				EAEEAAAD28D8BBE600975DBD /* Debug */,
				EAEEAAAE28D8BBE600975DBD /* Release */,
			);
			defaultConfigurationIsVisible = 0;
			defaultConfigurationName = Release;
		};
/* End XCConfigurationList section */
	};
	rootObject = EAEEAA7428D8BBE300975DBD /* Project object */;
}
