// !$*UTF8*$!
{
	archiveVersion = 1;
	classes = {
	};
	objectVersion = 55;
	objects = {

/* Begin PBXBuildFile section */
		EA9839CB28C104F800ACD5C8 /* AppDelegate.swift in Sources */ = {isa = PBXBuildFile; fileRef = EA9839CA28C104F800ACD5C8 /* AppDelegate.swift */; };
		EA9839CD28C104F800ACD5C8 /* SceneDelegate.swift in Sources */ = {isa = PBXBuildFile; fileRef = EA9839CC28C104F800ACD5C8 /* SceneDelegate.swift */; };
		EA9839CF28C104F800ACD5C8 /* ViewController.swift in Sources */ = {isa = PBXBuildFile; fileRef = EA9839CE28C104F800ACD5C8 /* ViewController.swift */; };
		EA9839D228C104F800ACD5C8 /* Main.storyboard in Resources */ = {isa = PBXBuildFile; fileRef = EA9839D028C104F800ACD5C8 /* Main.storyboard */; };
		EA9839D428C104FA00ACD5C8 /* Assets.xcassets in Resources */ = {isa = PBXBuildFile; fileRef = EA9839D328C104FA00ACD5C8 /* Assets.xcassets */; };
		EA9839D728C104FA00ACD5C8 /* LaunchScreen.storyboard in Resources */ = {isa = PBXBuildFile; fileRef = EA9839D528C104FA00ACD5C8 /* LaunchScreen.storyboard */; };
		EA9839E228C104FB00ACD5C8 /* two_buttonsTests.swift in Sources */ = {isa = PBXBuildFile; fileRef = EA9839E128C104FB00ACD5C8 /* two_buttonsTests.swift */; };
		EA9839EC28C104FB00ACD5C8 /* two_buttonsUITests.swift in Sources */ = {isa = PBXBuildFile; fileRef = EA9839EB28C104FB00ACD5C8 /* two_buttonsUITests.swift */; };
		EA9839EE28C104FB00ACD5C8 /* two_buttonsUITestsLaunchTests.swift in Sources */ = {isa = PBXBuildFile; fileRef = EA9839ED28C104FB00ACD5C8 /* two_buttonsUITestsLaunchTests.swift */; };
/* End PBXBuildFile section */

/* Begin PBXContainerItemProxy section */
		EA9839DE28C104FB00ACD5C8 /* PBXContainerItemProxy */ = {
			isa = PBXContainerItemProxy;
			containerPortal = EA9839BF28C104F800ACD5C8 /* Project object */;
			proxyType = 1;
			remoteGlobalIDString = EA9839C628C104F800ACD5C8;
			remoteInfo = "two buttons";
		};
		EA9839E828C104FB00ACD5C8 /* PBXContainerItemProxy */ = {
			isa = PBXContainerItemProxy;
			containerPortal = EA9839BF28C104F800ACD5C8 /* Project object */;
			proxyType = 1;
			remoteGlobalIDString = EA9839C628C104F800ACD5C8;
			remoteInfo = "two buttons";
		};
/* End PBXContainerItemProxy section */

/* Begin PBXFileReference section */
		EA9839C728C104F800ACD5C8 /* two buttons.app */ = {isa = PBXFileReference; explicitFileType = wrapper.application; includeInIndex = 0; path = "two buttons.app"; sourceTree = BUILT_PRODUCTS_DIR; };
		EA9839CA28C104F800ACD5C8 /* AppDelegate.swift */ = {isa = PBXFileReference; lastKnownFileType = sourcecode.swift; path = AppDelegate.swift; sourceTree = "<group>"; };
		EA9839CC28C104F800ACD5C8 /* SceneDelegate.swift */ = {isa = PBXFileReference; lastKnownFileType = sourcecode.swift; path = SceneDelegate.swift; sourceTree = "<group>"; };
		EA9839CE28C104F800ACD5C8 /* ViewController.swift */ = {isa = PBXFileReference; lastKnownFileType = sourcecode.swift; path = ViewController.swift; sourceTree = "<group>"; };
		EA9839D128C104F800ACD5C8 /* Base */ = {isa = PBXFileReference; lastKnownFileType = file.storyboard; name = Base; path = Base.lproj/Main.storyboard; sourceTree = "<group>"; };
		EA9839D328C104FA00ACD5C8 /* Assets.xcassets */ = {isa = PBXFileReference; lastKnownFileType = folder.assetcatalog; path = Assets.xcassets; sourceTree = "<group>"; };
		EA9839D628C104FA00ACD5C8 /* Base */ = {isa = PBXFileReference; lastKnownFileType = file.storyboard; name = Base; path = Base.lproj/LaunchScreen.storyboard; sourceTree = "<group>"; };
		EA9839D828C104FA00ACD5C8 /* Info.plist */ = {isa = PBXFileReference; lastKnownFileType = text.plist.xml; path = Info.plist; sourceTree = "<group>"; };
		EA9839DD28C104FB00ACD5C8 /* two buttonsTests.xctest */ = {isa = PBXFileReference; explicitFileType = wrapper.cfbundle; includeInIndex = 0; path = "two buttonsTests.xctest"; sourceTree = BUILT_PRODUCTS_DIR; };
		EA9839E128C104FB00ACD5C8 /* two_buttonsTests.swift */ = {isa = PBXFileReference; lastKnownFileType = sourcecode.swift; path = two_buttonsTests.swift; sourceTree = "<group>"; };
		EA9839E728C104FB00ACD5C8 /* two buttonsUITests.xctest */ = {isa = PBXFileReference; explicitFileType = wrapper.cfbundle; includeInIndex = 0; path = "two buttonsUITests.xctest"; sourceTree = BUILT_PRODUCTS_DIR; };
		EA9839EB28C104FB00ACD5C8 /* two_buttonsUITests.swift */ = {isa = PBXFileReference; lastKnownFileType = sourcecode.swift; path = two_buttonsUITests.swift; sourceTree = "<group>"; };
		EA9839ED28C104FB00ACD5C8 /* two_buttonsUITestsLaunchTests.swift */ = {isa = PBXFileReference; lastKnownFileType = sourcecode.swift; path = two_buttonsUITestsLaunchTests.swift; sourceTree = "<group>"; };
/* End PBXFileReference section */

/* Begin PBXFrameworksBuildPhase section */
		EA9839C428C104F800ACD5C8 /* Frameworks */ = {
			isa = PBXFrameworksBuildPhase;
			buildActionMask = 2147483647;
			files = (
			);
			runOnlyForDeploymentPostprocessing = 0;
		};
		EA9839DA28C104FB00ACD5C8 /* Frameworks */ = {
			isa = PBXFrameworksBuildPhase;
			buildActionMask = 2147483647;
			files = (
			);
			runOnlyForDeploymentPostprocessing = 0;
		};
		EA9839E428C104FB00ACD5C8 /* Frameworks */ = {
			isa = PBXFrameworksBuildPhase;
			buildActionMask = 2147483647;
			files = (
			);
			runOnlyForDeploymentPostprocessing = 0;
		};
/* End PBXFrameworksBuildPhase section */

/* Begin PBXGroup section */
		EA9839BE28C104F800ACD5C8 = {
			isa = PBXGroup;
			children = (
				EA9839C928C104F800ACD5C8 /* two buttons */,
				EA9839E028C104FB00ACD5C8 /* two buttonsTests */,
				EA9839EA28C104FB00ACD5C8 /* two buttonsUITests */,
				EA9839C828C104F800ACD5C8 /* Products */,
			);
			sourceTree = "<group>";
		};
		EA9839C828C104F800ACD5C8 /* Products */ = {
			isa = PBXGroup;
			children = (
				EA9839C728C104F800ACD5C8 /* two buttons.app */,
				EA9839DD28C104FB00ACD5C8 /* two buttonsTests.xctest */,
				EA9839E728C104FB00ACD5C8 /* two buttonsUITests.xctest */,
			);
			name = Products;
			sourceTree = "<group>";
		};
		EA9839C928C104F800ACD5C8 /* two buttons */ = {
			isa = PBXGroup;
			children = (
				EA9839CA28C104F800ACD5C8 /* AppDelegate.swift */,
				EA9839CC28C104F800ACD5C8 /* SceneDelegate.swift */,
				EA9839CE28C104F800ACD5C8 /* ViewController.swift */,
				EA9839D028C104F800ACD5C8 /* Main.storyboard */,
				EA9839D328C104FA00ACD5C8 /* Assets.xcassets */,
				EA9839D528C104FA00ACD5C8 /* LaunchScreen.storyboard */,
				EA9839D828C104FA00ACD5C8 /* Info.plist */,
			);
			path = "two buttons";
			sourceTree = "<group>";
		};
		EA9839E028C104FB00ACD5C8 /* two buttonsTests */ = {
			isa = PBXGroup;
			children = (
				EA9839E128C104FB00ACD5C8 /* two_buttonsTests.swift */,
			);
			path = "two buttonsTests";
			sourceTree = "<group>";
		};
		EA9839EA28C104FB00ACD5C8 /* two buttonsUITests */ = {
			isa = PBXGroup;
			children = (
				EA9839EB28C104FB00ACD5C8 /* two_buttonsUITests.swift */,
				EA9839ED28C104FB00ACD5C8 /* two_buttonsUITestsLaunchTests.swift */,
			);
			path = "two buttonsUITests";
			sourceTree = "<group>";
		};
/* End PBXGroup section */

/* Begin PBXNativeTarget section */
		EA9839C628C104F800ACD5C8 /* two buttons */ = {
			isa = PBXNativeTarget;
			buildConfigurationList = EA9839F128C104FB00ACD5C8 /* Build configuration list for PBXNativeTarget "two buttons" */;
			buildPhases = (
				EA9839C328C104F800ACD5C8 /* Sources */,
				EA9839C428C104F800ACD5C8 /* Frameworks */,
				EA9839C528C104F800ACD5C8 /* Resources */,
			);
			buildRules = (
			);
			dependencies = (
			);
			name = "two buttons";
			productName = "two buttons";
			productReference = EA9839C728C104F800ACD5C8 /* two buttons.app */;
			productType = "com.apple.product-type.application";
		};
		EA9839DC28C104FB00ACD5C8 /* two buttonsTests */ = {
			isa = PBXNativeTarget;
			buildConfigurationList = EA9839F428C104FB00ACD5C8 /* Build configuration list for PBXNativeTarget "two buttonsTests" */;
			buildPhases = (
				EA9839D928C104FB00ACD5C8 /* Sources */,
				EA9839DA28C104FB00ACD5C8 /* Frameworks */,
				EA9839DB28C104FB00ACD5C8 /* Resources */,
			);
			buildRules = (
			);
			dependencies = (
				EA9839DF28C104FB00ACD5C8 /* PBXTargetDependency */,
			);
			name = "two buttonsTests";
			productName = "two buttonsTests";
			productReference = EA9839DD28C104FB00ACD5C8 /* two buttonsTests.xctest */;
			productType = "com.apple.product-type.bundle.unit-test";
		};
		EA9839E628C104FB00ACD5C8 /* two buttonsUITests */ = {
			isa = PBXNativeTarget;
			buildConfigurationList = EA9839F728C104FB00ACD5C8 /* Build configuration list for PBXNativeTarget "two buttonsUITests" */;
			buildPhases = (
				EA9839E328C104FB00ACD5C8 /* Sources */,
				EA9839E428C104FB00ACD5C8 /* Frameworks */,
				EA9839E528C104FB00ACD5C8 /* Resources */,
			);
			buildRules = (
			);
			dependencies = (
				EA9839E928C104FB00ACD5C8 /* PBXTargetDependency */,
			);
			name = "two buttonsUITests";
			productName = "two buttonsUITests";
			productReference = EA9839E728C104FB00ACD5C8 /* two buttonsUITests.xctest */;
			productType = "com.apple.product-type.bundle.ui-testing";
		};
/* End PBXNativeTarget section */

/* Begin PBXProject section */
		EA9839BF28C104F800ACD5C8 /* Project object */ = {
			isa = PBXProject;
			attributes = {
				BuildIndependentTargetsInParallel = 1;
				LastSwiftUpdateCheck = 1340;
				LastUpgradeCheck = 1340;
				TargetAttributes = {
					EA9839C628C104F800ACD5C8 = {
						CreatedOnToolsVersion = 13.4.1;
					};
					EA9839DC28C104FB00ACD5C8 = {
						CreatedOnToolsVersion = 13.4.1;
						TestTargetID = EA9839C628C104F800ACD5C8;
					};
					EA9839E628C104FB00ACD5C8 = {
						CreatedOnToolsVersion = 13.4.1;
						TestTargetID = EA9839C628C104F800ACD5C8;
					};
				};
			};
			buildConfigurationList = EA9839C228C104F800ACD5C8 /* Build configuration list for PBXProject "two buttons" */;
			compatibilityVersion = "Xcode 13.0";
			developmentRegion = en;
			hasScannedForEncodings = 0;
			knownRegions = (
				en,
				Base,
			);
			mainGroup = EA9839BE28C104F800ACD5C8;
			productRefGroup = EA9839C828C104F800ACD5C8 /* Products */;
			projectDirPath = "";
			projectRoot = "";
			targets = (
				EA9839C628C104F800ACD5C8 /* two buttons */,
				EA9839DC28C104FB00ACD5C8 /* two buttonsTests */,
				EA9839E628C104FB00ACD5C8 /* two buttonsUITests */,
			);
		};
/* End PBXProject section */

/* Begin PBXResourcesBuildPhase section */
		EA9839C528C104F800ACD5C8 /* Resources */ = {
			isa = PBXResourcesBuildPhase;
			buildActionMask = 2147483647;
			files = (
				EA9839D728C104FA00ACD5C8 /* LaunchScreen.storyboard in Resources */,
				EA9839D428C104FA00ACD5C8 /* Assets.xcassets in Resources */,
				EA9839D228C104F800ACD5C8 /* Main.storyboard in Resources */,
			);
			runOnlyForDeploymentPostprocessing = 0;
		};
		EA9839DB28C104FB00ACD5C8 /* Resources */ = {
			isa = PBXResourcesBuildPhase;
			buildActionMask = 2147483647;
			files = (
			);
			runOnlyForDeploymentPostprocessing = 0;
		};
		EA9839E528C104FB00ACD5C8 /* Resources */ = {
			isa = PBXResourcesBuildPhase;
			buildActionMask = 2147483647;
			files = (
			);
			runOnlyForDeploymentPostprocessing = 0;
		};
/* End PBXResourcesBuildPhase section */

/* Begin PBXSourcesBuildPhase section */
		EA9839C328C104F800ACD5C8 /* Sources */ = {
			isa = PBXSourcesBuildPhase;
			buildActionMask = 2147483647;
			files = (
				EA9839CF28C104F800ACD5C8 /* ViewController.swift in Sources */,
				EA9839CB28C104F800ACD5C8 /* AppDelegate.swift in Sources */,
				EA9839CD28C104F800ACD5C8 /* SceneDelegate.swift in Sources */,
			);
			runOnlyForDeploymentPostprocessing = 0;
		};
		EA9839D928C104FB00ACD5C8 /* Sources */ = {
			isa = PBXSourcesBuildPhase;
			buildActionMask = 2147483647;
			files = (
				EA9839E228C104FB00ACD5C8 /* two_buttonsTests.swift in Sources */,
			);
			runOnlyForDeploymentPostprocessing = 0;
		};
		EA9839E328C104FB00ACD5C8 /* Sources */ = {
			isa = PBXSourcesBuildPhase;
			buildActionMask = 2147483647;
			files = (
				EA9839EC28C104FB00ACD5C8 /* two_buttonsUITests.swift in Sources */,
				EA9839EE28C104FB00ACD5C8 /* two_buttonsUITestsLaunchTests.swift in Sources */,
			);
			runOnlyForDeploymentPostprocessing = 0;
		};
/* End PBXSourcesBuildPhase section */

/* Begin PBXTargetDependency section */
		EA9839DF28C104FB00ACD5C8 /* PBXTargetDependency */ = {
			isa = PBXTargetDependency;
			target = EA9839C628C104F800ACD5C8 /* two buttons */;
			targetProxy = EA9839DE28C104FB00ACD5C8 /* PBXContainerItemProxy */;
		};
		EA9839E928C104FB00ACD5C8 /* PBXTargetDependency */ = {
			isa = PBXTargetDependency;
			target = EA9839C628C104F800ACD5C8 /* two buttons */;
			targetProxy = EA9839E828C104FB00ACD5C8 /* PBXContainerItemProxy */;
		};
/* End PBXTargetDependency section */

/* Begin PBXVariantGroup section */
		EA9839D028C104F800ACD5C8 /* Main.storyboard */ = {
			isa = PBXVariantGroup;
			children = (
				EA9839D128C104F800ACD5C8 /* Base */,
			);
			name = Main.storyboard;
			sourceTree = "<group>";
		};
		EA9839D528C104FA00ACD5C8 /* LaunchScreen.storyboard */ = {
			isa = PBXVariantGroup;
			children = (
				EA9839D628C104FA00ACD5C8 /* Base */,
			);
			name = LaunchScreen.storyboard;
			sourceTree = "<group>";
		};
/* End PBXVariantGroup section */

/* Begin XCBuildConfiguration section */
		EA9839EF28C104FB00ACD5C8 /* Debug */ = {
			isa = XCBuildConfiguration;
			buildSettings = {
				ALWAYS_SEARCH_USER_PATHS = NO;
				CLANG_ANALYZER_NONNULL = YES;
				CLANG_ANALYZER_NUMBER_OBJECT_CONVERSION = YES_AGGRESSIVE;
				CLANG_CXX_LANGUAGE_STANDARD = "gnu++17";
				CLANG_ENABLE_MODULES = YES;
				CLANG_ENABLE_OBJC_ARC = YES;
				CLANG_ENABLE_OBJC_WEAK = YES;
				CLANG_WARN_BLOCK_CAPTURE_AUTORELEASING = YES;
				CLANG_WARN_BOOL_CONVERSION = YES;
				CLANG_WARN_COMMA = YES;
				CLANG_WARN_CONSTANT_CONVERSION = YES;
				CLANG_WARN_DEPRECATED_OBJC_IMPLEMENTATIONS = YES;
				CLANG_WARN_DIRECT_OBJC_ISA_USAGE = YES_ERROR;
				CLANG_WARN_DOCUMENTATION_COMMENTS = YES;
				CLANG_WARN_EMPTY_BODY = YES;
				CLANG_WARN_ENUM_CONVERSION = YES;
				CLANG_WARN_INFINITE_RECURSION = YES;
				CLANG_WARN_INT_CONVERSION = YES;
				CLANG_WARN_NON_LITERAL_NULL_CONVERSION = YES;
				CLANG_WARN_OBJC_IMPLICIT_RETAIN_SELF = YES;
				CLANG_WARN_OBJC_LITERAL_CONVERSION = YES;
				CLANG_WARN_OBJC_ROOT_CLASS = YES_ERROR;
				CLANG_WARN_QUOTED_INCLUDE_IN_FRAMEWORK_HEADER = YES;
				CLANG_WARN_RANGE_LOOP_ANALYSIS = YES;
				CLANG_WARN_STRICT_PROTOTYPES = YES;
				CLANG_WARN_SUSPICIOUS_MOVE = YES;
				CLANG_WARN_UNGUARDED_AVAILABILITY = YES_AGGRESSIVE;
				CLANG_WARN_UNREACHABLE_CODE = YES;
				CLANG_WARN__DUPLICATE_METHOD_MATCH = YES;
				COPY_PHASE_STRIP = NO;
				DEBUG_INFORMATION_FORMAT = dwarf;
				ENABLE_STRICT_OBJC_MSGSEND = YES;
				ENABLE_TESTABILITY = YES;
				GCC_C_LANGUAGE_STANDARD = gnu11;
				GCC_DYNAMIC_NO_PIC = NO;
				GCC_NO_COMMON_BLOCKS = YES;
				GCC_OPTIMIZATION_LEVEL = 0;
				GCC_PREPROCESSOR_DEFINITIONS = (
					"DEBUG=1",
					"$(inherited)",
				);
				GCC_WARN_64_TO_32_BIT_CONVERSION = YES;
				GCC_WARN_ABOUT_RETURN_TYPE = YES_ERROR;
				GCC_WARN_UNDECLARED_SELECTOR = YES;
				GCC_WARN_UNINITIALIZED_AUTOS = YES_AGGRESSIVE;
				GCC_WARN_UNUSED_FUNCTION = YES;
				GCC_WARN_UNUSED_VARIABLE = YES;
				IPHONEOS_DEPLOYMENT_TARGET = 15.5;
				MTL_ENABLE_DEBUG_INFO = INCLUDE_SOURCE;
				MTL_FAST_MATH = YES;
				ONLY_ACTIVE_ARCH = YES;
				SDKROOT = iphoneos;
				SWIFT_ACTIVE_COMPILATION_CONDITIONS = DEBUG;
				SWIFT_OPTIMIZATION_LEVEL = "-Onone";
			};
			name = Debug;
		};
		EA9839F028C104FB00ACD5C8 /* Release */ = {
			isa = XCBuildConfiguration;
			buildSettings = {
				ALWAYS_SEARCH_USER_PATHS = NO;
				CLANG_ANALYZER_NONNULL = YES;
				CLANG_ANALYZER_NUMBER_OBJECT_CONVERSION = YES_AGGRESSIVE;
				CLANG_CXX_LANGUAGE_STANDARD = "gnu++17";
				CLANG_ENABLE_MODULES = YES;
				CLANG_ENABLE_OBJC_ARC = YES;
				CLANG_ENABLE_OBJC_WEAK = YES;
				CLANG_WARN_BLOCK_CAPTURE_AUTORELEASING = YES;
				CLANG_WARN_BOOL_CONVERSION = YES;
				CLANG_WARN_COMMA = YES;
				CLANG_WARN_CONSTANT_CONVERSION = YES;
				CLANG_WARN_DEPRECATED_OBJC_IMPLEMENTATIONS = YES;
				CLANG_WARN_DIRECT_OBJC_ISA_USAGE = YES_ERROR;
				CLANG_WARN_DOCUMENTATION_COMMENTS = YES;
				CLANG_WARN_EMPTY_BODY = YES;
				CLANG_WARN_ENUM_CONVERSION = YES;
				CLANG_WARN_INFINITE_RECURSION = YES;
				CLANG_WARN_INT_CONVERSION = YES;
				CLANG_WARN_NON_LITERAL_NULL_CONVERSION = YES;
				CLANG_WARN_OBJC_IMPLICIT_RETAIN_SELF = YES;
				CLANG_WARN_OBJC_LITERAL_CONVERSION = YES;
				CLANG_WARN_OBJC_ROOT_CLASS = YES_ERROR;
				CLANG_WARN_QUOTED_INCLUDE_IN_FRAMEWORK_HEADER = YES;
				CLANG_WARN_RANGE_LOOP_ANALYSIS = YES;
				CLANG_WARN_STRICT_PROTOTYPES = YES;
				CLANG_WARN_SUSPICIOUS_MOVE = YES;
				CLANG_WARN_UNGUARDED_AVAILABILITY = YES_AGGRESSIVE;
				CLANG_WARN_UNREACHABLE_CODE = YES;
				CLANG_WARN__DUPLICATE_METHOD_MATCH = YES;
				COPY_PHASE_STRIP = NO;
				DEBUG_INFORMATION_FORMAT = "dwarf-with-dsym";
				ENABLE_NS_ASSERTIONS = NO;
				ENABLE_STRICT_OBJC_MSGSEND = YES;
				GCC_C_LANGUAGE_STANDARD = gnu11;
				GCC_NO_COMMON_BLOCKS = YES;
				GCC_WARN_64_TO_32_BIT_CONVERSION = YES;
				GCC_WARN_ABOUT_RETURN_TYPE = YES_ERROR;
				GCC_WARN_UNDECLARED_SELECTOR = YES;
				GCC_WARN_UNINITIALIZED_AUTOS = YES_AGGRESSIVE;
				GCC_WARN_UNUSED_FUNCTION = YES;
				GCC_WARN_UNUSED_VARIABLE = YES;
				IPHONEOS_DEPLOYMENT_TARGET = 15.5;
				MTL_ENABLE_DEBUG_INFO = NO;
				MTL_FAST_MATH = YES;
				SDKROOT = iphoneos;
				SWIFT_COMPILATION_MODE = wholemodule;
				SWIFT_OPTIMIZATION_LEVEL = "-O";
				VALIDATE_PRODUCT = YES;
			};
			name = Release;
		};
		EA9839F228C104FB00ACD5C8 /* Debug */ = {
			isa = XCBuildConfiguration;
			buildSettings = {
				ASSETCATALOG_COMPILER_APPICON_NAME = AppIcon;
				ASSETCATALOG_COMPILER_GLOBAL_ACCENT_COLOR_NAME = AccentColor;
				CODE_SIGN_STYLE = Automatic;
				CURRENT_PROJECT_VERSION = 1;
				GENERATE_INFOPLIST_FILE = YES;
				INFOPLIST_FILE = "two buttons/Info.plist";
				INFOPLIST_KEY_UIApplicationSupportsIndirectInputEvents = YES;
				INFOPLIST_KEY_UILaunchStoryboardName = LaunchScreen;
				INFOPLIST_KEY_UIMainStoryboardFile = Main;
				INFOPLIST_KEY_UISupportedInterfaceOrientations_iPad = "UIInterfaceOrientationPortrait UIInterfaceOrientationPortraitUpsideDown UIInterfaceOrientationLandscapeLeft UIInterfaceOrientationLandscapeRight";
				INFOPLIST_KEY_UISupportedInterfaceOrientations_iPhone = "UIInterfaceOrientationPortrait UIInterfaceOrientationLandscapeLeft UIInterfaceOrientationLandscapeRight";
				LD_RUNPATH_SEARCH_PATHS = (
					"$(inherited)",
					"@executable_path/Frameworks",
				);
				MARKETING_VERSION = 1.0;
				PRODUCT_BUNDLE_IDENTIFIER = "frumpyNoids.two-buttons";
				PRODUCT_NAME = "$(TARGET_NAME)";
				SWIFT_EMIT_LOC_STRINGS = YES;
				SWIFT_VERSION = 5.0;
				TARGETED_DEVICE_FAMILY = "1,2";
			};
			name = Debug;
		};
		EA9839F328C104FB00ACD5C8 /* Release */ = {
			isa = XCBuildConfiguration;
			buildSettings = {
				ASSETCATALOG_COMPILER_APPICON_NAME = AppIcon;
				ASSETCATALOG_COMPILER_GLOBAL_ACCENT_COLOR_NAME = AccentColor;
				CODE_SIGN_STYLE = Automatic;
				CURRENT_PROJECT_VERSION = 1;
				GENERATE_INFOPLIST_FILE = YES;
				INFOPLIST_FILE = "two buttons/Info.plist";
				INFOPLIST_KEY_UIApplicationSupportsIndirectInputEvents = YES;
				INFOPLIST_KEY_UILaunchStoryboardName = LaunchScreen;
				INFOPLIST_KEY_UIMainStoryboardFile = Main;
				INFOPLIST_KEY_UISupportedInterfaceOrientations_iPad = "UIInterfaceOrientationPortrait UIInterfaceOrientationPortraitUpsideDown UIInterfaceOrientationLandscapeLeft UIInterfaceOrientationLandscapeRight";
				INFOPLIST_KEY_UISupportedInterfaceOrientations_iPhone = "UIInterfaceOrientationPortrait UIInterfaceOrientationLandscapeLeft UIInterfaceOrientationLandscapeRight";
				LD_RUNPATH_SEARCH_PATHS = (
					"$(inherited)",
					"@executable_path/Frameworks",
				);
				MARKETING_VERSION = 1.0;
				PRODUCT_BUNDLE_IDENTIFIER = "frumpyNoids.two-buttons";
				PRODUCT_NAME = "$(TARGET_NAME)";
				SWIFT_EMIT_LOC_STRINGS = YES;
				SWIFT_VERSION = 5.0;
				TARGETED_DEVICE_FAMILY = "1,2";
			};
			name = Release;
		};
		EA9839F528C104FB00ACD5C8 /* Debug */ = {
			isa = XCBuildConfiguration;
			buildSettings = {
				ALWAYS_EMBED_SWIFT_STANDARD_LIBRARIES = YES;
				BUNDLE_LOADER = "$(TEST_HOST)";
				CODE_SIGN_STYLE = Automatic;
				CURRENT_PROJECT_VERSION = 1;
				GENERATE_INFOPLIST_FILE = YES;
				IPHONEOS_DEPLOYMENT_TARGET = 15.5;
				MARKETING_VERSION = 1.0;
				PRODUCT_BUNDLE_IDENTIFIER = "frumpyNoids.two-buttonsTests";
				PRODUCT_NAME = "$(TARGET_NAME)";
				SWIFT_EMIT_LOC_STRINGS = NO;
				SWIFT_VERSION = 5.0;
				TARGETED_DEVICE_FAMILY = "1,2";
				TEST_HOST = "$(BUILT_PRODUCTS_DIR)/two buttons.app/two buttons";
			};
			name = Debug;
		};
		EA9839F628C104FB00ACD5C8 /* Release */ = {
			isa = XCBuildConfiguration;
			buildSettings = {
				ALWAYS_EMBED_SWIFT_STANDARD_LIBRARIES = YES;
				BUNDLE_LOADER = "$(TEST_HOST)";
				CODE_SIGN_STYLE = Automatic;
				CURRENT_PROJECT_VERSION = 1;
				GENERATE_INFOPLIST_FILE = YES;
				IPHONEOS_DEPLOYMENT_TARGET = 15.5;
				MARKETING_VERSION = 1.0;
				PRODUCT_BUNDLE_IDENTIFIER = "frumpyNoids.two-buttonsTests";
				PRODUCT_NAME = "$(TARGET_NAME)";
				SWIFT_EMIT_LOC_STRINGS = NO;
				SWIFT_VERSION = 5.0;
				TARGETED_DEVICE_FAMILY = "1,2";
				TEST_HOST = "$(BUILT_PRODUCTS_DIR)/two buttons.app/two buttons";
			};
			name = Release;
		};
		EA9839F828C104FB00ACD5C8 /* Debug */ = {
			isa = XCBuildConfiguration;
			buildSettings = {
				ALWAYS_EMBED_SWIFT_STANDARD_LIBRARIES = YES;
				CODE_SIGN_STYLE = Automatic;
				CURRENT_PROJECT_VERSION = 1;
				GENERATE_INFOPLIST_FILE = YES;
				MARKETING_VERSION = 1.0;
				PRODUCT_BUNDLE_IDENTIFIER = "frumpyNoids.two-buttonsUITests";
				PRODUCT_NAME = "$(TARGET_NAME)";
				SWIFT_EMIT_LOC_STRINGS = NO;
				SWIFT_VERSION = 5.0;
				TARGETED_DEVICE_FAMILY = "1,2";
				TEST_TARGET_NAME = "two buttons";
			};
			name = Debug;
		};
		EA9839F928C104FB00ACD5C8 /* Release */ = {
			isa = XCBuildConfiguration;
			buildSettings = {
				ALWAYS_EMBED_SWIFT_STANDARD_LIBRARIES = YES;
				CODE_SIGN_STYLE = Automatic;
				CURRENT_PROJECT_VERSION = 1;
				GENERATE_INFOPLIST_FILE = YES;
				MARKETING_VERSION = 1.0;
				PRODUCT_BUNDLE_IDENTIFIER = "frumpyNoids.two-buttonsUITests";
				PRODUCT_NAME = "$(TARGET_NAME)";
				SWIFT_EMIT_LOC_STRINGS = NO;
				SWIFT_VERSION = 5.0;
				TARGETED_DEVICE_FAMILY = "1,2";
				TEST_TARGET_NAME = "two buttons";
			};
			name = Release;
		};
/* End XCBuildConfiguration section */

/* Begin XCConfigurationList section */
		EA9839C228C104F800ACD5C8 /* Build configuration list for PBXProject "two buttons" */ = {
			isa = XCConfigurationList;
			buildConfigurations = (
				EA9839EF28C104FB00ACD5C8 /* Debug */,
				EA9839F028C104FB00ACD5C8 /* Release */,
			);
			defaultConfigurationIsVisible = 0;
			defaultConfigurationName = Release;
		};
		EA9839F128C104FB00ACD5C8 /* Build configuration list for PBXNativeTarget "two buttons" */ = {
			isa = XCConfigurationList;
			buildConfigurations = (
				EA9839F228C104FB00ACD5C8 /* Debug */,
				EA9839F328C104FB00ACD5C8 /* Release */,
			);
			defaultConfigurationIsVisible = 0;
			defaultConfigurationName = Release;
		};
		EA9839F428C104FB00ACD5C8 /* Build configuration list for PBXNativeTarget "two buttonsTests" */ = {
			isa = XCConfigurationList;
			buildConfigurations = (
				EA9839F528C104FB00ACD5C8 /* Debug */,
				EA9839F628C104FB00ACD5C8 /* Release */,
			);
			defaultConfigurationIsVisible = 0;
			defaultConfigurationName = Release;
		};
		EA9839F728C104FB00ACD5C8 /* Build configuration list for PBXNativeTarget "two buttonsUITests" */ = {
			isa = XCConfigurationList;
			buildConfigurations = (
				EA9839F828C104FB00ACD5C8 /* Debug */,
				EA9839F928C104FB00ACD5C8 /* Release */,
			);
			defaultConfigurationIsVisible = 0;
			defaultConfigurationName = Release;
		};
/* End XCConfigurationList section */
	};
	rootObject = EA9839BF28C104F800ACD5C8 /* Project object */;
}
